
Microsoft Visual Studio Solution File, Format Version 12.00
# Visual Studio Version 17
VisualStudioVersion = 17.0.32126.317
MinimumVisualStudioVersion = 10.0.40219.1
Project("{FAE04EC0-301F-11D3-BF4B-00C04F79EFBC}") = "CSSD-Subtask2-Group16", "CSSD-Subtask2-Group16\CSSD-Subtask2-Group16.csproj", "{9A081877-14DC-4291-96D1-5FFA4E2E9594}"
EndProject
Global
	GlobalSection(SolutionConfigurationPlatforms) = preSolution
		Debug|Any CPU = Debug|Any CPU
		Release|Any CPU = Release|Any CPU
	EndGlobalSection
	GlobalSection(ProjectConfigurationPlatforms) = postSolution
		{9A081877-14DC-4291-96D1-5FFA4E2E9594}.Debug|Any CPU.ActiveCfg = Debug|Any CPU
		{9A081877-14DC-4291-96D1-5FFA4E2E9594}.Debug|Any CPU.Build.0 = Debug|Any CPU
		{9A081877-14DC-4291-96D1-5FFA4E2E9594}.Release|Any CPU.ActiveCfg = Release|Any CPU
		{9A081877-14DC-4291-96D1-5FFA4E2E9594}.Release|Any CPU.Build.0 = Release|Any CPU
	EndGlobalSection
	GlobalSection(SolutionProperties) = preSolution
		HideSolutionNode = FALSE
	EndGlobalSection
	GlobalSection(ExtensibilityGlobals) = postSolution
		SolutionGuid = {C592580C-64EE-4D5B-8096-FCEB59720968}
	EndGlobalSection
EndGlobal
